// !$*UTF8*$!
{
	archiveVersion = 1;
	classes = {
	};
	objectVersion = 55;
	objects = {

/* Begin PBXBuildFile section */
		993454B927C7BBC300130EB9 /* RealTimeStore.swift in Sources */ = {isa = PBXBuildFile; fileRef = 993454B827C7BBC300130EB9 /* RealTimeStore.swift */; };
		993E14F727C3BEB900CF29BA /* UploadScreen.swift in Sources */ = {isa = PBXBuildFile; fileRef = 993E14F627C3BEB900CF29BA /* UploadScreen.swift */; };
		9940962527C918AF00C8CADE /* StorageStore.swift in Sources */ = {isa = PBXBuildFile; fileRef = 9940962427C918AF00C8CADE /* StorageStore.swift */; };
		997F5C1827C0888100415CC9 /* GoogleService-Info.plist in Resources */ = {isa = PBXBuildFile; fileRef = 997F5C1727C0888100415CC9 /* GoogleService-Info.plist */; };
		997F5C1B27C0897000415CC9 /* FirebaseAuth in Frameworks */ = {isa = PBXBuildFile; productRef = 997F5C1A27C0897000415CC9 /* FirebaseAuth */; };
		997F5C1D27C0897000415CC9 /* FirebaseDatabase in Frameworks */ = {isa = PBXBuildFile; productRef = 997F5C1C27C0897000415CC9 /* FirebaseDatabase */; };
		997F5C1F27C0897000415CC9 /* FirebaseFirestore in Frameworks */ = {isa = PBXBuildFile; productRef = 997F5C1E27C0897000415CC9 /* FirebaseFirestore */; };
		997F5C2127C0897000415CC9 /* FirebaseStorage in Frameworks */ = {isa = PBXBuildFile; productRef = 997F5C2027C0897000415CC9 /* FirebaseStorage */; };
		997F5C2927C09AFA00415CC9 /* SDWebImageSwiftUI in Frameworks */ = {isa = PBXBuildFile; productRef = 997F5C2827C09AFA00415CC9 /* SDWebImageSwiftUI */; };
		99B0616A27C680D2000905B4 /* ImagePickerView.swift in Sources */ = {isa = PBXBuildFile; fileRef = 99B0616927C680D2000905B4 /* ImagePickerView.swift */; };
		99D3B97F27BC98D40089B41D /* bestbooks_uzApp.swift in Sources */ = {isa = PBXBuildFile; fileRef = 99D3B97E27BC98D40089B41D /* bestbooks_uzApp.swift */; };
		99D3B98127BC98D40089B41D /* ContentView.swift in Sources */ = {isa = PBXBuildFile; fileRef = 99D3B98027BC98D40089B41D /* ContentView.swift */; };
		99D3B98327BC98D60089B41D /* Assets.xcassets in Resources */ = {isa = PBXBuildFile; fileRef = 99D3B98227BC98D60089B41D /* Assets.xcassets */; };
		99D3B98627BC98D60089B41D /* Preview Assets.xcassets in Resources */ = {isa = PBXBuildFile; fileRef = 99D3B98527BC98D60089B41D /* Preview Assets.xcassets */; };
		99D3B99327BCACE70089B41D /* DetailScreen.swift in Sources */ = {isa = PBXBuildFile; fileRef = 99D3B99227BCACE70089B41D /* DetailScreen.swift */; };
		99D3B99527BCAD140089B41D /* Models.swift in Sources */ = {isa = PBXBuildFile; fileRef = 99D3B99427BCAD140089B41D /* Models.swift */; };
		99D3B99B27BCAD200089B41D /* Extensions.swift in Sources */ = {isa = PBXBuildFile; fileRef = 99D3B99A27BCAD200089B41D /* Extensions.swift */; };
/* End PBXBuildFile section */

/* Begin PBXFileReference section */
		993454B827C7BBC300130EB9 /* RealTimeStore.swift */ = {isa = PBXFileReference; lastKnownFileType = sourcecode.swift; path = RealTimeStore.swift; sourceTree = "<group>"; };
		993E14F627C3BEB900CF29BA /* UploadScreen.swift */ = {isa = PBXFileReference; lastKnownFileType = sourcecode.swift; path = UploadScreen.swift; sourceTree = "<group>"; };
		9940962427C918AF00C8CADE /* StorageStore.swift */ = {isa = PBXFileReference; lastKnownFileType = sourcecode.swift; path = StorageStore.swift; sourceTree = "<group>"; };
		997F5C1727C0888100415CC9 /* GoogleService-Info.plist */ = {isa = PBXFileReference; fileEncoding = 4; lastKnownFileType = text.plist.xml; path = "GoogleService-Info.plist"; sourceTree = "<group>"; };
		99B0616927C680D2000905B4 /* ImagePickerView.swift */ = {isa = PBXFileReference; lastKnownFileType = sourcecode.swift; path = ImagePickerView.swift; sourceTree = "<group>"; };
		99D3B97B27BC98D40089B41D /* bestbooks.uz.app */ = {isa = PBXFileReference; explicitFileType = wrapper.application; includeInIndex = 0; path = bestbooks.uz.app; sourceTree = BUILT_PRODUCTS_DIR; };
		99D3B97E27BC98D40089B41D /* bestbooks_uzApp.swift */ = {isa = PBXFileReference; lastKnownFileType = sourcecode.swift; path = bestbooks_uzApp.swift; sourceTree = "<group>"; };
		99D3B98027BC98D40089B41D /* ContentView.swift */ = {isa = PBXFileReference; lastKnownFileType = sourcecode.swift; path = ContentView.swift; sourceTree = "<group>"; };
		99D3B98227BC98D60089B41D /* Assets.xcassets */ = {isa = PBXFileReference; lastKnownFileType = folder.assetcatalog; path = Assets.xcassets; sourceTree = "<group>"; };
		99D3B98527BC98D60089B41D /* Preview Assets.xcassets */ = {isa = PBXFileReference; lastKnownFileType = folder.assetcatalog; path = "Preview Assets.xcassets"; sourceTree = "<group>"; };
		99D3B99227BCACE70089B41D /* DetailScreen.swift */ = {isa = PBXFileReference; fileEncoding = 4; lastKnownFileType = sourcecode.swift; path = DetailScreen.swift; sourceTree = "<group>"; };
		99D3B99427BCAD140089B41D /* Models.swift */ = {isa = PBXFileReference; lastKnownFileType = sourcecode.swift; path = Models.swift; sourceTree = "<group>"; };
		99D3B99A27BCAD200089B41D /* Extensions.swift */ = {isa = PBXFileReference; lastKnownFileType = sourcecode.swift; path = Extensions.swift; sourceTree = "<group>"; };
/* End PBXFileReference section */

/* Begin PBXFrameworksBuildPhase section */
		99D3B97827BC98D40089B41D /* Frameworks */ = {
			isa = PBXFrameworksBuildPhase;
			buildActionMask = 2147483647;
			files = (
				997F5C2927C09AFA00415CC9 /* SDWebImageSwiftUI in Frameworks */,
				997F5C1D27C0897000415CC9 /* FirebaseDatabase in Frameworks */,
				997F5C2127C0897000415CC9 /* FirebaseStorage in Frameworks */,
				997F5C1B27C0897000415CC9 /* FirebaseAuth in Frameworks */,
				997F5C1F27C0897000415CC9 /* FirebaseFirestore in Frameworks */,
			);
			runOnlyForDeploymentPostprocessing = 0;
		};
/* End PBXFrameworksBuildPhase section */

/* Begin PBXGroup section */
		997F5C2227C08CE700415CC9 /* Firebase */ = {
			isa = PBXGroup;
			children = (
				993454B827C7BBC300130EB9 /* RealTimeStore.swift */,
				9940962427C918AF00C8CADE /* StorageStore.swift */,
			);
			path = Firebase;
			sourceTree = "<group>";
		};
		99D3B97227BC98D40089B41D = {
			isa = PBXGroup;
			children = (
				99D3B97D27BC98D40089B41D /* bestbooks.uz */,
				99D3B97C27BC98D40089B41D /* Products */,
			);
			sourceTree = "<group>";
		};
		99D3B97C27BC98D40089B41D /* Products */ = {
			isa = PBXGroup;
			children = (
				99D3B97B27BC98D40089B41D /* bestbooks.uz.app */,
			);
			name = Products;
			sourceTree = "<group>";
		};
		99D3B97D27BC98D40089B41D /* bestbooks.uz */ = {
			isa = PBXGroup;
			children = (
				99D3B97E27BC98D40089B41D /* bestbooks_uzApp.swift */,
				997F5C2227C08CE700415CC9 /* Firebase */,
				99D3B9A027BCAD480089B41D /* Screens */,
				99D3B9A127BCAD5D0089B41D /* AppBox */,
				99D3B98227BC98D60089B41D /* Assets.xcassets */,
				997F5C1727C0888100415CC9 /* GoogleService-Info.plist */,
				99D3B98427BC98D60089B41D /* Preview Content */,
			);
			path = bestbooks.uz;
			sourceTree = "<group>";
		};
		99D3B98427BC98D60089B41D /* Preview Content */ = {
			isa = PBXGroup;
			children = (
				99D3B98527BC98D60089B41D /* Preview Assets.xcassets */,
			);
			path = "Preview Content";
			sourceTree = "<group>";
		};
		99D3B9A027BCAD480089B41D /* Screens */ = {
			isa = PBXGroup;
			children = (
				99D3B98027BC98D40089B41D /* ContentView.swift */,
				99D3B99227BCACE70089B41D /* DetailScreen.swift */,
				993E14F627C3BEB900CF29BA /* UploadScreen.swift */,
			);
			path = Screens;
			sourceTree = "<group>";
		};
		99D3B9A127BCAD5D0089B41D /* AppBox */ = {
			isa = PBXGroup;
			children = (
				99D3B99427BCAD140089B41D /* Models.swift */,
				99D3B99A27BCAD200089B41D /* Extensions.swift */,
				99B0616927C680D2000905B4 /* ImagePickerView.swift */,
			);
			path = AppBox;
			sourceTree = "<group>";
		};
/* End PBXGroup section */

/* Begin PBXNativeTarget section */
		99D3B97A27BC98D40089B41D /* bestbooks.uz */ = {
			isa = PBXNativeTarget;
			buildConfigurationList = 99D3B98927BC98D60089B41D /* Build configuration list for PBXNativeTarget "bestbooks.uz" */;
			buildPhases = (
				99D3B97727BC98D40089B41D /* Sources */,
				99D3B97827BC98D40089B41D /* Frameworks */,
				99D3B97927BC98D40089B41D /* Resources */,
			);
			buildRules = (
			);
			dependencies = (
			);
			name = bestbooks.uz;
			packageProductDependencies = (
				997F5C1A27C0897000415CC9 /* FirebaseAuth */,
				997F5C1C27C0897000415CC9 /* FirebaseDatabase */,
				997F5C1E27C0897000415CC9 /* FirebaseFirestore */,
				997F5C2027C0897000415CC9 /* FirebaseStorage */,
				997F5C2827C09AFA00415CC9 /* SDWebImageSwiftUI */,
			);
			productName = bestbooks.uz;
			productReference = 99D3B97B27BC98D40089B41D /* bestbooks.uz.app */;
			productType = "com.apple.product-type.application";
		};
/* End PBXNativeTarget section */

/* Begin PBXProject section */
		99D3B97327BC98D40089B41D /* Project object */ = {
			isa = PBXProject;
			attributes = {
				BuildIndependentTargetsInParallel = 1;
				LastSwiftUpdateCheck = 1310;
				LastUpgradeCheck = 1310;
				TargetAttributes = {
					99D3B97A27BC98D40089B41D = {
						CreatedOnToolsVersion = 13.1;
					};
				};
			};
			buildConfigurationList = 99D3B97627BC98D40089B41D /* Build configuration list for PBXProject "bestbooks.uz" */;
			compatibilityVersion = "Xcode 13.0";
			developmentRegion = en;
			hasScannedForEncodings = 0;
			knownRegions = (
				en,
				Base,
			);
			mainGroup = 99D3B97227BC98D40089B41D;
			packageReferences = (
				997F5C1927C0897000415CC9 /* XCRemoteSwiftPackageReference "firebase-ios-sdk" */,
				997F5C2727C09AFA00415CC9 /* XCRemoteSwiftPackageReference "SDWebImageSwiftUI" */,
			);
			productRefGroup = 99D3B97C27BC98D40089B41D /* Products */;
			projectDirPath = "";
			projectRoot = "";
			targets = (
				99D3B97A27BC98D40089B41D /* bestbooks.uz */,
			);
		};
/* End PBXProject section */

/* Begin PBXResourcesBuildPhase section */
		99D3B97927BC98D40089B41D /* Resources */ = {
			isa = PBXResourcesBuildPhase;
			buildActionMask = 2147483647;
			files = (
				99D3B98627BC98D60089B41D /* Preview Assets.xcassets in Resources */,
				99D3B98327BC98D60089B41D /* Assets.xcassets in Resources */,
				997F5C1827C0888100415CC9 /* GoogleService-Info.plist in Resources */,
			);
			runOnlyForDeploymentPostprocessing = 0;
		};
/* End PBXResourcesBuildPhase section */

/* Begin PBXSourcesBuildPhase section */
		99D3B97727BC98D40089B41D /* Sources */ = {
			isa = PBXSourcesBuildPhase;
			buildActionMask = 2147483647;
			files = (
				99D3B99527BCAD140089B41D /* Models.swift in Sources */,
				99D3B99327BCACE70089B41D /* DetailScreen.swift in Sources */,
				99B0616A27C680D2000905B4 /* ImagePickerView.swift in Sources */,
				99D3B99B27BCAD200089B41D /* Extensions.swift in Sources */,
				99D3B98127BC98D40089B41D /* ContentView.swift in Sources */,
				99D3B97F27BC98D40089B41D /* bestbooks_uzApp.swift in Sources */,
				993E14F727C3BEB900CF29BA /* UploadScreen.swift in Sources */,
				993454B927C7BBC300130EB9 /* RealTimeStore.swift in Sources */,
				9940962527C918AF00C8CADE /* StorageStore.swift in Sources */,
			);
			runOnlyForDeploymentPostprocessing = 0;
		};
/* End PBXSourcesBuildPhase section */

/* Begin XCBuildConfiguration section */
		99D3B98727BC98D60089B41D /* Debug */ = {
			isa = XCBuildConfiguration;
			buildSettings = {
				ALWAYS_SEARCH_USER_PATHS = NO;
				CLANG_ANALYZER_NONNULL = YES;
				CLANG_ANALYZER_NUMBER_OBJECT_CONVERSION = YES_AGGRESSIVE;
				CLANG_CXX_LANGUAGE_STANDARD = "gnu++17";
				CLANG_CXX_LIBRARY = "libc++";
				CLANG_ENABLE_MODULES = YES;
				CLANG_ENABLE_OBJC_ARC = YES;
				CLANG_ENABLE_OBJC_WEAK = YES;
				CLANG_WARN_BLOCK_CAPTURE_AUTORELEASING = YES;
				CLANG_WARN_BOOL_CONVERSION = YES;
				CLANG_WARN_COMMA = YES;
				CLANG_WARN_CONSTANT_CONVERSION = YES;
				CLANG_WARN_DEPRECATED_OBJC_IMPLEMENTATIONS = YES;
				CLANG_WARN_DIRECT_OBJC_ISA_USAGE = YES_ERROR;
				CLANG_WARN_DOCUMENTATION_COMMENTS = YES;
				CLANG_WARN_EMPTY_BODY = YES;
				CLANG_WARN_ENUM_CONVERSION = YES;
				CLANG_WARN_INFINITE_RECURSION = YES;
				CLANG_WARN_INT_CONVERSION = YES;
				CLANG_WARN_NON_LITERAL_NULL_CONVERSION = YES;
				CLANG_WARN_OBJC_IMPLICIT_RETAIN_SELF = YES;
				CLANG_WARN_OBJC_LITERAL_CONVERSION = YES;
				CLANG_WARN_OBJC_ROOT_CLASS = YES_ERROR;
				CLANG_WARN_QUOTED_INCLUDE_IN_FRAMEWORK_HEADER = YES;
				CLANG_WARN_RANGE_LOOP_ANALYSIS = YES;
				CLANG_WARN_STRICT_PROTOTYPES = YES;
				CLANG_WARN_SUSPICIOUS_MOVE = YES;
				CLANG_WARN_UNGUARDED_AVAILABILITY = YES_AGGRESSIVE;
				CLANG_WARN_UNREACHABLE_CODE = YES;
				CLANG_WARN__DUPLICATE_METHOD_MATCH = YES;
				COPY_PHASE_STRIP = NO;
				DEBUG_INFORMATION_FORMAT = dwarf;
				ENABLE_STRICT_OBJC_MSGSEND = YES;
				ENABLE_TESTABILITY = YES;
				GCC_C_LANGUAGE_STANDARD = gnu11;
				GCC_DYNAMIC_NO_PIC = NO;
				GCC_NO_COMMON_BLOCKS = YES;
				GCC_OPTIMIZATION_LEVEL = 0;
				GCC_PREPROCESSOR_DEFINITIONS = (
					"DEBUG=1",
					"$(inherited)",
				);
				GCC_WARN_64_TO_32_BIT_CONVERSION = YES;
				GCC_WARN_ABOUT_RETURN_TYPE = YES_ERROR;
				GCC_WARN_UNDECLARED_SELECTOR = YES;
				GCC_WARN_UNINITIALIZED_AUTOS = YES_AGGRESSIVE;
				GCC_WARN_UNUSED_FUNCTION = YES;
				GCC_WARN_UNUSED_VARIABLE = YES;
				IPHONEOS_DEPLOYMENT_TARGET = 15.0;
				MTL_ENABLE_DEBUG_INFO = INCLUDE_SOURCE;
				MTL_FAST_MATH = YES;
				ONLY_ACTIVE_ARCH = YES;
				SDKROOT = iphoneos;
				SWIFT_ACTIVE_COMPILATION_CONDITIONS = DEBUG;
				SWIFT_OPTIMIZATION_LEVEL = "-Onone";
			};
			name = Debug;
		};
		99D3B98827BC98D60089B41D /* Release */ = {
			isa = XCBuildConfiguration;
			buildSettings = {
				ALWAYS_SEARCH_USER_PATHS = NO;
				CLANG_ANALYZER_NONNULL = YES;
				CLANG_ANALYZER_NUMBER_OBJECT_CONVERSION = YES_AGGRESSIVE;
				CLANG_CXX_LANGUAGE_STANDARD = "gnu++17";
				CLANG_CXX_LIBRARY = "libc++";
				CLANG_ENABLE_MODULES = YES;
				CLANG_ENABLE_OBJC_ARC = YES;
				CLANG_ENABLE_OBJC_WEAK = YES;
				CLANG_WARN_BLOCK_CAPTURE_AUTORELEASING = YES;
				CLANG_WARN_BOOL_CONVERSION = YES;
				CLANG_WARN_COMMA = YES;
				CLANG_WARN_CONSTANT_CONVERSION = YES;
				CLANG_WARN_DEPRECATED_OBJC_IMPLEMENTATIONS = YES;
				CLANG_WARN_DIRECT_OBJC_ISA_USAGE = YES_ERROR;
				CLANG_WARN_DOCUMENTATION_COMMENTS = YES;
				CLANG_WARN_EMPTY_BODY = YES;
				CLANG_WARN_ENUM_CONVERSION = YES;
				CLANG_WARN_INFINITE_RECURSION = YES;
				CLANG_WARN_INT_CONVERSION = YES;
				CLANG_WARN_NON_LITERAL_NULL_CONVERSION = YES;
				CLANG_WARN_OBJC_IMPLICIT_RETAIN_SELF = YES;
				CLANG_WARN_OBJC_LITERAL_CONVERSION = YES;
				CLANG_WARN_OBJC_ROOT_CLASS = YES_ERROR;
				CLANG_WARN_QUOTED_INCLUDE_IN_FRAMEWORK_HEADER = YES;
				CLANG_WARN_RANGE_LOOP_ANALYSIS = YES;
				CLANG_WARN_STRICT_PROTOTYPES = YES;
				CLANG_WARN_SUSPICIOUS_MOVE = YES;
				CLANG_WARN_UNGUARDED_AVAILABILITY = YES_AGGRESSIVE;
				CLANG_WARN_UNREACHABLE_CODE = YES;
				CLANG_WARN__DUPLICATE_METHOD_MATCH = YES;
				COPY_PHASE_STRIP = NO;
				DEBUG_INFORMATION_FORMAT = "dwarf-with-dsym";
				ENABLE_NS_ASSERTIONS = NO;
				ENABLE_STRICT_OBJC_MSGSEND = YES;
				GCC_C_LANGUAGE_STANDARD = gnu11;
				GCC_NO_COMMON_BLOCKS = YES;
				GCC_WARN_64_TO_32_BIT_CONVERSION = YES;
				GCC_WARN_ABOUT_RETURN_TYPE = YES_ERROR;
				GCC_WARN_UNDECLARED_SELECTOR = YES;
				GCC_WARN_UNINITIALIZED_AUTOS = YES_AGGRESSIVE;
				GCC_WARN_UNUSED_FUNCTION = YES;
				GCC_WARN_UNUSED_VARIABLE = YES;
				IPHONEOS_DEPLOYMENT_TARGET = 15.0;
				MTL_ENABLE_DEBUG_INFO = NO;
				MTL_FAST_MATH = YES;
				SDKROOT = iphoneos;
				SWIFT_COMPILATION_MODE = wholemodule;
				SWIFT_OPTIMIZATION_LEVEL = "-O";
				VALIDATE_PRODUCT = YES;
			};
			name = Release;
		};
		99D3B98A27BC98D60089B41D /* Debug */ = {
			isa = XCBuildConfiguration;
			buildSettings = {
				ASSETCATALOG_COMPILER_APPICON_NAME = AppIcon;
				ASSETCATALOG_COMPILER_GLOBAL_ACCENT_COLOR_NAME = AccentColor;
				CODE_SIGN_STYLE = Automatic;
				CURRENT_PROJECT_VERSION = 1;
				DEVELOPMENT_ASSET_PATHS = "\"bestbooks.uz/Preview Content\"";
				DEVELOPMENT_TEAM = 5MSB2Y5YH2;
				ENABLE_PREVIEWS = YES;
				GENERATE_INFOPLIST_FILE = YES;
				INFOPLIST_KEY_NSCameraUsageDescription = "Kameradan foydalanishga ruxsat berasizmi";
				INFOPLIST_KEY_NSPhotoLibraryUsageDescription = "Galereyadan foydalanishga ruxsat berasizmi";
				INFOPLIST_KEY_UIApplicationSceneManifest_Generation = YES;
				INFOPLIST_KEY_UIApplicationSupportsIndirectInputEvents = YES;
				INFOPLIST_KEY_UILaunchScreen_Generation = YES;
				INFOPLIST_KEY_UISupportedInterfaceOrientations_iPad = "UIInterfaceOrientationPortrait UIInterfaceOrientationPortraitUpsideDown UIInterfaceOrientationLandscapeLeft UIInterfaceOrientationLandscapeRight";
				INFOPLIST_KEY_UISupportedInterfaceOrientations_iPhone = "UIInterfaceOrientationPortrait UIInterfaceOrientationLandscapeLeft UIInterfaceOrientationLandscapeRight";
				IPHONEOS_DEPLOYMENT_TARGET = 15.0;
				LD_RUNPATH_SEARCH_PATHS = (
					"$(inherited)",
					"@executable_path/Frameworks",
				);
				MARKETING_VERSION = 1.0;
				PRODUCT_BUNDLE_IDENTIFIER = "uz.bestbooks.bestbooks-uz";
				PRODUCT_NAME = "$(TARGET_NAME)";
				SWIFT_EMIT_LOC_STRINGS = YES;
				SWIFT_VERSION = 5.0;
				TARGETED_DEVICE_FAMILY = "1,2";
			};
			name = Debug;
		};
		99D3B98B27BC98D60089B41D /* Release */ = {
			isa = XCBuildConfiguration;
			buildSettings = {
				ASSETCATALOG_COMPILER_APPICON_NAME = AppIcon;
				ASSETCATALOG_COMPILER_GLOBAL_ACCENT_COLOR_NAME = AccentColor;
				CODE_SIGN_STYLE = Automatic;
				CURRENT_PROJECT_VERSION = 1;
				DEVELOPMENT_ASSET_PATHS = "\"bestbooks.uz/Preview Content\"";
				DEVELOPMENT_TEAM = 5MSB2Y5YH2;
				ENABLE_PREVIEWS = YES;
				GENERATE_INFOPLIST_FILE = YES;
				INFOPLIST_KEY_NSCameraUsageDescription = "Kameradan foydalanishga ruxsat berasizmi";
				INFOPLIST_KEY_NSPhotoLibraryUsageDescription = "Galereyadan foydalanishga ruxsat berasizmi";
				INFOPLIST_KEY_UIApplicationSceneManifest_Generation = YES;
				INFOPLIST_KEY_UIApplicationSupportsIndirectInputEvents = YES;
				INFOPLIST_KEY_UILaunchScreen_Generation = YES;
				INFOPLIST_KEY_UISupportedInterfaceOrientations_iPad = "UIInterfaceOrientationPortrait UIInterfaceOrientationPortraitUpsideDown UIInterfaceOrientationLandscapeLeft UIInterfaceOrientationLandscapeRight";
				INFOPLIST_KEY_UISupportedInterfaceOrientations_iPhone = "UIInterfaceOrientationPortrait UIInterfaceOrientationLandscapeLeft UIInterfaceOrientationLandscapeRight";
				IPHONEOS_DEPLOYMENT_TARGET = 15.0;
				LD_RUNPATH_SEARCH_PATHS = (
					"$(inherited)",
					"@executable_path/Frameworks",
				);
				MARKETING_VERSION = 1.0;
				PRODUCT_BUNDLE_IDENTIFIER = "uz.bestbooks.bestbooks-uz";
				PRODUCT_NAME = "$(TARGET_NAME)";
				SWIFT_EMIT_LOC_STRINGS = YES;
				SWIFT_VERSION = 5.0;
				TARGETED_DEVICE_FAMILY = "1,2";
			};
			name = Release;
		};
/* End XCBuildConfiguration section */

/* Begin XCConfigurationList section */
		99D3B97627BC98D40089B41D /* Build configuration list for PBXProject "bestbooks.uz" */ = {
			isa = XCConfigurationList;
			buildConfigurations = (
				99D3B98727BC98D60089B41D /* Debug */,
				99D3B98827BC98D60089B41D /* Release */,
			);
			defaultConfigurationIsVisible = 0;
			defaultConfigurationName = Release;
		};
		99D3B98927BC98D60089B41D /* Build configuration list for PBXNativeTarget "bestbooks.uz" */ = {
			isa = XCConfigurationList;
			buildConfigurations = (
				99D3B98A27BC98D60089B41D /* Debug */,
				99D3B98B27BC98D60089B41D /* Release */,
			);
			defaultConfigurationIsVisible = 0;
			defaultConfigurationName = Release;
		};
/* End XCConfigurationList section */

/* Begin XCRemoteSwiftPackageReference section */
		997F5C1927C0897000415CC9 /* XCRemoteSwiftPackageReference "firebase-ios-sdk" */ = {
			isa = XCRemoteSwiftPackageReference;
			repositoryURL = "https://github.com/firebase/firebase-ios-sdk";
			requirement = {
				branch = master;
				kind = branch;
			};
		};
		997F5C2727C09AFA00415CC9 /* XCRemoteSwiftPackageReference "SDWebImageSwiftUI" */ = {
			isa = XCRemoteSwiftPackageReference;
			repositoryURL = "https://github.com/SDWebImage/SDWebImageSwiftUI";
			requirement = {
				branch = master;
				kind = branch;
			};
		};
/* End XCRemoteSwiftPackageReference section */

/* Begin XCSwiftPackageProductDependency section */
		997F5C1A27C0897000415CC9 /* FirebaseAuth */ = {
			isa = XCSwiftPackageProductDependency;
			package = 997F5C1927C0897000415CC9 /* XCRemoteSwiftPackageReference "firebase-ios-sdk" */;
			productName = FirebaseAuth;
		};
		997F5C1C27C0897000415CC9 /* FirebaseDatabase */ = {
			isa = XCSwiftPackageProductDependency;
			package = 997F5C1927C0897000415CC9 /* XCRemoteSwiftPackageReference "firebase-ios-sdk" */;
			productName = FirebaseDatabase;
		};
		997F5C1E27C0897000415CC9 /* FirebaseFirestore */ = {
			isa = XCSwiftPackageProductDependency;
			package = 997F5C1927C0897000415CC9 /* XCRemoteSwiftPackageReference "firebase-ios-sdk" */;
			productName = FirebaseFirestore;
		};
		997F5C2027C0897000415CC9 /* FirebaseStorage */ = {
			isa = XCSwiftPackageProductDependency;
			package = 997F5C1927C0897000415CC9 /* XCRemoteSwiftPackageReference "firebase-ios-sdk" */;
			productName = FirebaseStorage;
		};
		997F5C2827C09AFA00415CC9 /* SDWebImageSwiftUI */ = {
			isa = XCSwiftPackageProductDependency;
			package = 997F5C2727C09AFA00415CC9 /* XCRemoteSwiftPackageReference "SDWebImageSwiftUI" */;
			productName = SDWebImageSwiftUI;
		};
/* End XCSwiftPackageProductDependency section */
	};
	rootObject = 99D3B97327BC98D40089B41D /* Project object */;
}
